
Microsoft Visual Studio Solution File, Format Version 12.00
# Visual Studio 15
VisualStudioVersion = 15.0.27130.2027
MinimumVisualStudioVersion = 10.0.40219.1
Project("{FAE04EC0-301F-11D3-BF4B-00C04F79EFBC}") = "Sequencer", "Sequencer\Sequencer.csproj", "{D8B80BBD-DC6B-480D-A219-584489F28BCF}"
EndProject
Project("{FAE04EC0-301F-11D3-BF4B-00C04F79EFBC}") = "SequencerTests", "SequencerTests\SequencerTests.csproj", "{EC2CA8D7-0958-406E-96FA-ACB13B6689B7}"
EndProject
Global
	GlobalSection(SolutionConfigurationPlatforms) = preSolution
		Debug|Any CPU = Debug|Any CPU
		Release|Any CPU = Release|Any CPU
	EndGlobalSection
	GlobalSection(ProjectConfigurationPlatforms) = postSolution
		{D8B80BBD-DC6B-480D-A219-584489F28BCF}.Debug|Any CPU.ActiveCfg = Debug|Any CPU
		{D8B80BBD-DC6B-480D-A219-584489F28BCF}.Debug|Any CPU.Build.0 = Debug|Any CPU
		{D8B80BBD-DC6B-480D-A219-584489F28BCF}.Release|Any CPU.ActiveCfg = Release|Any CPU
		{D8B80BBD-DC6B-480D-A219-584489F28BCF}.Release|Any CPU.Build.0 = Release|Any CPU
		{EC2CA8D7-0958-406E-96FA-ACB13B6689B7}.Debug|Any CPU.ActiveCfg = Debug|Any CPU
		{EC2CA8D7-0958-406E-96FA-ACB13B6689B7}.Debug|Any CPU.Build.0 = Debug|Any CPU
		{EC2CA8D7-0958-406E-96FA-ACB13B6689B7}.Release|Any CPU.ActiveCfg = Release|Any CPU
		{EC2CA8D7-0958-406E-96FA-ACB13B6689B7}.Release|Any CPU.Build.0 = Release|Any CPU
	EndGlobalSection
	GlobalSection(SolutionProperties) = preSolution
		HideSolutionNode = FALSE
	EndGlobalSection
	GlobalSection(ExtensibilityGlobals) = postSolution
		SolutionGuid = {FA61B8F6-2E5B-4702-9601-977532451ED5}
	EndGlobalSection
EndGlobal
